
Microsoft Visual Studio Solution File, Format Version 12.00
# Visual Studio Version 16
VisualStudioVersion = 16.0.30907.101
MinimumVisualStudioVersion = 10.0.40219.1
Project("{FAE04EC0-301F-11D3-BF4B-00C04F79EFBC}") = "Nima.SKS.Package.Services", "Nima.SKS.Package.Services.csproj", "{3FAA7A38-543B-44D6-A595-2034C2800A2C}"
EndProject
Project("{FAE04EC0-301F-11D3-BF4B-00C04F79EFBC}") = "Nima.SKS.Package.Services.DTOs", "..\Nima.SKS.Package.Services.DTOs\Nima.SKS.Package.Services.DTOs.csproj", "{D9736C03-39BF-4919-97F7-A211BDD2B87F}"
EndProject
Project("{FAE04EC0-301F-11D3-BF4B-00C04F79EFBC}") = "Nima.SKS.Package.Services.Interfaces", "..\Nima.SKS.Package.Services.Interfaces\Nima.SKS.Package.Services.Interfaces.csproj", "{C76776F1-8FD2-4C04-AF67-8A13306A05E4}"
EndProject
Global
	GlobalSection(SolutionConfigurationPlatforms) = preSolution
		Debug|Any CPU = Debug|Any CPU
		Release|Any CPU = Release|Any CPU
	EndGlobalSection
	GlobalSection(ProjectConfigurationPlatforms) = postSolution
		{3FAA7A38-543B-44D6-A595-2034C2800A2C}.Debug|Any CPU.ActiveCfg = Debug|Any CPU
		{3FAA7A38-543B-44D6-A595-2034C2800A2C}.Debug|Any CPU.Build.0 = Debug|Any CPU
		{3FAA7A38-543B-44D6-A595-2034C2800A2C}.Release|Any CPU.ActiveCfg = Release|Any CPU
		{3FAA7A38-543B-44D6-A595-2034C2800A2C}.Release|Any CPU.Build.0 = Release|Any CPU
		{D9736C03-39BF-4919-97F7-A211BDD2B87F}.Debug|Any CPU.ActiveCfg = Debug|Any CPU
		{D9736C03-39BF-4919-97F7-A211BDD2B87F}.Debug|Any CPU.Build.0 = Debug|Any CPU
		{D9736C03-39BF-4919-97F7-A211BDD2B87F}.Release|Any CPU.ActiveCfg = Release|Any CPU
		{D9736C03-39BF-4919-97F7-A211BDD2B87F}.Release|Any CPU.Build.0 = Release|Any CPU
		{C76776F1-8FD2-4C04-AF67-8A13306A05E4}.Debug|Any CPU.ActiveCfg = Debug|Any CPU
		{C76776F1-8FD2-4C04-AF67-8A13306A05E4}.Debug|Any CPU.Build.0 = Debug|Any CPU
		{C76776F1-8FD2-4C04-AF67-8A13306A05E4}.Release|Any CPU.ActiveCfg = Release|Any CPU
		{C76776F1-8FD2-4C04-AF67-8A13306A05E4}.Release|Any CPU.Build.0 = Release|Any CPU
	EndGlobalSection
	GlobalSection(SolutionProperties) = preSolution
		HideSolutionNode = FALSE
	EndGlobalSection
	GlobalSection(ExtensibilityGlobals) = postSolution
		SolutionGuid = {3F2863E8-50A9-4019-A40E-2247043BB2A9}
	EndGlobalSection
EndGlobal
